
Microsoft Visual Studio Solution File, Format Version 12.00
# Visual Studio Version 17
VisualStudioVersion = 17.8.34316.72
MinimumVisualStudioVersion = 10.0.40219.1
Project("{FAE04EC0-301F-11D3-BF4B-00C04F79EFBC}") = "PersonSearch.Infrastructure", "PersonSearch.Infrastructure\PersonSearch.Infrastructure.csproj", "{8A1C0E3D-4F5B-4C2E-A6D7-B9F1E2C3D4A5}"
EndProject
Project("{FAE04EC0-301F-11D3-BF4B-00C04F79EFBC}") = "PersonSearch.Lambda", "PersonSearch.Lambda\PersonSearch.Lambda.csproj", "{1B2C3D4E-5F6A-4B7C-8D9E-0F1A2B3C4D5E}"
EndProject
Project("{FAE04EC0-301F-11D3-BF4B-00C04F79EFBC}") = "PersonSearch.Tests", "PersonSearch.Tests\PersonSearch.Tests.csproj", "{2C3D4E5F-6A7B-4C8D-9E0F-1A2B3C4D5E6F}"
EndProject
Global
	GlobalSection(SolutionConfigurationPlatforms) = preSolution
		Debug|Any CPU = Debug|Any CPU
		Release|Any CPU = Release|Any CPU
	EndGlobalSection
	GlobalSection(ProjectConfigurationPlatforms) = postSolution
		{8A1C0E3D-4F5B-4C2E-A6D7-B9F1E2C3D4A5}.Debug|Any CPU.ActiveCfg = Debug|Any CPU
		{8A1C0E3D-4F5B-4C2E-A6D7-B9F1E2C3D4A5}.Debug|Any CPU.Build.0 = Debug|Any CPU
		{8A1C0E3D-4F5B-4C2E-A6D7-B9F1E2C3D4A5}.Release|Any CPU.ActiveCfg = Release|Any CPU
		{8A1C0E3D-4F5B-4C2E-A6D7-B9F1E2C3D4A5}.Release|Any CPU.Build.0 = Release|Any CPU
		{1B2C3D4E-5F6A-4B7C-8D9E-0F1A2B3C4D5E}.Debug|Any CPU.ActiveCfg = Debug|Any CPU
		{1B2C3D4E-5F6A-4B7C-8D9E-0F1A2B3C4D5E}.Debug|Any CPU.Build.0 = Debug|Any CPU
		{1B2C3D4E-5F6A-4B7C-8D9E-0F1A2B3C4D5E}.Release|Any CPU.ActiveCfg = Release|Any CPU
		{1B2C3D4E-5F6A-4B7C-8D9E-0F1A2B3C4D5E}.Release|Any CPU.Build.0 = Release|Any CPU
		{2C3D4E5F-6A7B-4C8D-9E0F-1A2B3C4D5E6F}.Debug|Any CPU.ActiveCfg = Debug|Any CPU
		{2C3D4E5F-6A7B-4C8D-9E0F-1A2B3C4D5E6F}.Debug|Any CPU.Build.0 = Debug|Any CPU
		{2C3D4E5F-6A7B-4C8D-9E0F-1A2B3C4D5E6F}.Release|Any CPU.ActiveCfg = Release|Any CPU
		{2C3D4E5F-6A7B-4C8D-9E0F-1A2B3C4D5E6F}.Release|Any CPU.Build.0 = Release|Any CPU
	EndGlobalSection
	GlobalSection(SolutionProperties) = preSolution
		HideSolutionNode = FALSE
	EndGlobalSection
EndGlobal
